
Microsoft Visual Studio Solution File, Format Version 12.00
# Visual Studio Version 16
VisualStudioVersion = 16.0.34031.81
MinimumVisualStudioVersion = 10.0.40219.1
Project("{FAE04EC0-301F-11D3-BF4B-00C04F79EFBC}") = "Casino", "Casino\Casino.csproj", "{01E62B33-9841-4EF7-93B4-71967915836F}"
EndProject
Global
	GlobalSection(SolutionConfigurationPlatforms) = preSolution
		Debug|Any CPU = Debug|Any CPU
		Release|Any CPU = Release|Any CPU
	EndGlobalSection
	GlobalSection(ProjectConfigurationPlatforms) = postSolution
		{01E62B33-9841-4EF7-93B4-71967915836F}.Debug|Any CPU.ActiveCfg = Debug|Any CPU
		{01E62B33-9841-4EF7-93B4-71967915836F}.Debug|Any CPU.Build.0 = Debug|Any CPU
		{01E62B33-9841-4EF7-93B4-71967915836F}.Release|Any CPU.ActiveCfg = Release|Any CPU
		{01E62B33-9841-4EF7-93B4-71967915836F}.Release|Any CPU.Build.0 = Release|Any CPU
	EndGlobalSection
	GlobalSection(SolutionProperties) = preSolution
		HideSolutionNode = FALSE
	EndGlobalSection
	GlobalSection(ExtensibilityGlobals) = postSolution
		SolutionGuid = {E8014E2C-9FB4-48CA-9EBF-60926ED4843B}
	EndGlobalSection
EndGlobal
